
Microsoft Visual Studio Solution File, Format Version 12.00
# Visual Studio Version 17
VisualStudioVersion = 17.4.33213.308
MinimumVisualStudioVersion = 10.0.40219.1
Project("{FAE04EC0-301F-11D3-BF4B-00C04F79EFBC}") = "Task3Csharp", "Task3Csharp\Task3Csharp.csproj", "{F922B074-EFCF-42FA-A6FC-97B1F197EA26}"
EndProject
Global
	GlobalSection(SolutionConfigurationPlatforms) = preSolution
		Debug|Any CPU = Debug|Any CPU
		Release|Any CPU = Release|Any CPU
	EndGlobalSection
	GlobalSection(ProjectConfigurationPlatforms) = postSolution
		{F922B074-EFCF-42FA-A6FC-97B1F197EA26}.Debug|Any CPU.ActiveCfg = Debug|Any CPU
		{F922B074-EFCF-42FA-A6FC-97B1F197EA26}.Debug|Any CPU.Build.0 = Debug|Any CPU
		{F922B074-EFCF-42FA-A6FC-97B1F197EA26}.Release|Any CPU.ActiveCfg = Release|Any CPU
		{F922B074-EFCF-42FA-A6FC-97B1F197EA26}.Release|Any CPU.Build.0 = Release|Any CPU
	EndGlobalSection
	GlobalSection(SolutionProperties) = preSolution
		HideSolutionNode = FALSE
	EndGlobalSection
	GlobalSection(ExtensibilityGlobals) = postSolution
		SolutionGuid = {C29C8FB2-97AE-4CC6-BE0B-E87262B1999F}
	EndGlobalSection
EndGlobal
